// !$*UTF8*$!
{
	archiveVersion = 1;
	classes = {
	};
	objectVersion = 56;
	objects = {

/* Begin PBXBuildFile section */
		CEAD706F2B187E3D007843B4 /* AppDelegate.swift in Sources */ = {isa = PBXBuildFile; fileRef = CEAD706E2B187E3D007843B4 /* AppDelegate.swift */; };
		CEAD70712B187E3D007843B4 /* SceneDelegate.swift in Sources */ = {isa = PBXBuildFile; fileRef = CEAD70702B187E3D007843B4 /* SceneDelegate.swift */; };
		CEAD70732B187E3D007843B4 /* ViewController.swift in Sources */ = {isa = PBXBuildFile; fileRef = CEAD70722B187E3D007843B4 /* ViewController.swift */; };
		CEAD70762B187E3D007843B4 /* Main.storyboard in Resources */ = {isa = PBXBuildFile; fileRef = CEAD70742B187E3D007843B4 /* Main.storyboard */; };
		CEAD70782B187E3E007843B4 /* Assets.xcassets in Resources */ = {isa = PBXBuildFile; fileRef = CEAD70772B187E3E007843B4 /* Assets.xcassets */; };
		CEAD707B2B187E3E007843B4 /* LaunchScreen.storyboard in Resources */ = {isa = PBXBuildFile; fileRef = CEAD70792B187E3E007843B4 /* LaunchScreen.storyboard */; };
		CEAD70862B187E3E007843B4 /* ApiDemoTests.swift in Sources */ = {isa = PBXBuildFile; fileRef = CEAD70852B187E3E007843B4 /* ApiDemoTests.swift */; };
		CEAD70902B187E3E007843B4 /* ApiDemoUITests.swift in Sources */ = {isa = PBXBuildFile; fileRef = CEAD708F2B187E3E007843B4 /* ApiDemoUITests.swift */; };
		CEAD70922B187E3E007843B4 /* ApiDemoUITestsLaunchTests.swift in Sources */ = {isa = PBXBuildFile; fileRef = CEAD70912B187E3E007843B4 /* ApiDemoUITestsLaunchTests.swift */; };
/* End PBXBuildFile section */

/* Begin PBXContainerItemProxy section */
		CEAD70822B187E3E007843B4 /* PBXContainerItemProxy */ = {
			isa = PBXContainerItemProxy;
			containerPortal = CEAD70632B187E3D007843B4 /* Project object */;
			proxyType = 1;
			remoteGlobalIDString = CEAD706A2B187E3D007843B4;
			remoteInfo = ApiDemo;
		};
		CEAD708C2B187E3E007843B4 /* PBXContainerItemProxy */ = {
			isa = PBXContainerItemProxy;
			containerPortal = CEAD70632B187E3D007843B4 /* Project object */;
			proxyType = 1;
			remoteGlobalIDString = CEAD706A2B187E3D007843B4;
			remoteInfo = ApiDemo;
		};
/* End PBXContainerItemProxy section */

/* Begin PBXFileReference section */
		CEAD706B2B187E3D007843B4 /* ApiDemo.app */ = {isa = PBXFileReference; explicitFileType = wrapper.application; includeInIndex = 0; path = ApiDemo.app; sourceTree = BUILT_PRODUCTS_DIR; };
		CEAD706E2B187E3D007843B4 /* AppDelegate.swift */ = {isa = PBXFileReference; lastKnownFileType = sourcecode.swift; path = AppDelegate.swift; sourceTree = "<group>"; };
		CEAD70702B187E3D007843B4 /* SceneDelegate.swift */ = {isa = PBXFileReference; lastKnownFileType = sourcecode.swift; path = SceneDelegate.swift; sourceTree = "<group>"; };
		CEAD70722B187E3D007843B4 /* ViewController.swift */ = {isa = PBXFileReference; lastKnownFileType = sourcecode.swift; path = ViewController.swift; sourceTree = "<group>"; };
		CEAD70752B187E3D007843B4 /* Base */ = {isa = PBXFileReference; lastKnownFileType = file.storyboard; name = Base; path = Base.lproj/Main.storyboard; sourceTree = "<group>"; };
		CEAD70772B187E3E007843B4 /* Assets.xcassets */ = {isa = PBXFileReference; lastKnownFileType = folder.assetcatalog; path = Assets.xcassets; sourceTree = "<group>"; };
		CEAD707A2B187E3E007843B4 /* Base */ = {isa = PBXFileReference; lastKnownFileType = file.storyboard; name = Base; path = Base.lproj/LaunchScreen.storyboard; sourceTree = "<group>"; };
		CEAD707C2B187E3E007843B4 /* Info.plist */ = {isa = PBXFileReference; lastKnownFileType = text.plist.xml; path = Info.plist; sourceTree = "<group>"; };
		CEAD70812B187E3E007843B4 /* ApiDemoTests.xctest */ = {isa = PBXFileReference; explicitFileType = wrapper.cfbundle; includeInIndex = 0; path = ApiDemoTests.xctest; sourceTree = BUILT_PRODUCTS_DIR; };
		CEAD70852B187E3E007843B4 /* ApiDemoTests.swift */ = {isa = PBXFileReference; lastKnownFileType = sourcecode.swift; path = ApiDemoTests.swift; sourceTree = "<group>"; };
		CEAD708B2B187E3E007843B4 /* ApiDemoUITests.xctest */ = {isa = PBXFileReference; explicitFileType = wrapper.cfbundle; includeInIndex = 0; path = ApiDemoUITests.xctest; sourceTree = BUILT_PRODUCTS_DIR; };
		CEAD708F2B187E3E007843B4 /* ApiDemoUITests.swift */ = {isa = PBXFileReference; lastKnownFileType = sourcecode.swift; path = ApiDemoUITests.swift; sourceTree = "<group>"; };
		CEAD70912B187E3E007843B4 /* ApiDemoUITestsLaunchTests.swift */ = {isa = PBXFileReference; lastKnownFileType = sourcecode.swift; path = ApiDemoUITestsLaunchTests.swift; sourceTree = "<group>"; };
/* End PBXFileReference section */

/* Begin PBXFrameworksBuildPhase section */
		CEAD70682B187E3D007843B4 /* Frameworks */ = {
			isa = PBXFrameworksBuildPhase;
			buildActionMask = 2147483647;
			files = (
			);
			runOnlyForDeploymentPostprocessing = 0;
		};
		CEAD707E2B187E3E007843B4 /* Frameworks */ = {
			isa = PBXFrameworksBuildPhase;
			buildActionMask = 2147483647;
			files = (
			);
			runOnlyForDeploymentPostprocessing = 0;
		};
		CEAD70882B187E3E007843B4 /* Frameworks */ = {
			isa = PBXFrameworksBuildPhase;
			buildActionMask = 2147483647;
			files = (
			);
			runOnlyForDeploymentPostprocessing = 0;
		};
/* End PBXFrameworksBuildPhase section */

/* Begin PBXGroup section */
		CEAD70622B187E3D007843B4 = {
			isa = PBXGroup;
			children = (
				CEAD706D2B187E3D007843B4 /* ApiDemo */,
				CEAD70842B187E3E007843B4 /* ApiDemoTests */,
				CEAD708E2B187E3E007843B4 /* ApiDemoUITests */,
				CEAD706C2B187E3D007843B4 /* Products */,
			);
			sourceTree = "<group>";
		};
		CEAD706C2B187E3D007843B4 /* Products */ = {
			isa = PBXGroup;
			children = (
				CEAD706B2B187E3D007843B4 /* ApiDemo.app */,
				CEAD70812B187E3E007843B4 /* ApiDemoTests.xctest */,
				CEAD708B2B187E3E007843B4 /* ApiDemoUITests.xctest */,
			);
			name = Products;
			sourceTree = "<group>";
		};
		CEAD706D2B187E3D007843B4 /* ApiDemo */ = {
			isa = PBXGroup;
			children = (
				CEAD706E2B187E3D007843B4 /* AppDelegate.swift */,
				CEAD70702B187E3D007843B4 /* SceneDelegate.swift */,
				CEAD70722B187E3D007843B4 /* ViewController.swift */,
				CEAD70742B187E3D007843B4 /* Main.storyboard */,
				CEAD70772B187E3E007843B4 /* Assets.xcassets */,
				CEAD70792B187E3E007843B4 /* LaunchScreen.storyboard */,
				CEAD707C2B187E3E007843B4 /* Info.plist */,
			);
			path = ApiDemo;
			sourceTree = "<group>";
		};
		CEAD70842B187E3E007843B4 /* ApiDemoTests */ = {
			isa = PBXGroup;
			children = (
				CEAD70852B187E3E007843B4 /* ApiDemoTests.swift */,
			);
			path = ApiDemoTests;
			sourceTree = "<group>";
		};
		CEAD708E2B187E3E007843B4 /* ApiDemoUITests */ = {
			isa = PBXGroup;
			children = (
				CEAD708F2B187E3E007843B4 /* ApiDemoUITests.swift */,
				CEAD70912B187E3E007843B4 /* ApiDemoUITestsLaunchTests.swift */,
			);
			path = ApiDemoUITests;
			sourceTree = "<group>";
		};
/* End PBXGroup section */

/* Begin PBXNativeTarget section */
		CEAD706A2B187E3D007843B4 /* ApiDemo */ = {
			isa = PBXNativeTarget;
			buildConfigurationList = CEAD70952B187E3E007843B4 /* Build configuration list for PBXNativeTarget "ApiDemo" */;
			buildPhases = (
				CEAD70672B187E3D007843B4 /* Sources */,
				CEAD70682B187E3D007843B4 /* Frameworks */,
				CEAD70692B187E3D007843B4 /* Resources */,
			);
			buildRules = (
			);
			dependencies = (
			);
			name = ApiDemo;
			productName = ApiDemo;
			productReference = CEAD706B2B187E3D007843B4 /* ApiDemo.app */;
			productType = "com.apple.product-type.application";
		};
		CEAD70802B187E3E007843B4 /* ApiDemoTests */ = {
			isa = PBXNativeTarget;
			buildConfigurationList = CEAD70982B187E3E007843B4 /* Build configuration list for PBXNativeTarget "ApiDemoTests" */;
			buildPhases = (
				CEAD707D2B187E3E007843B4 /* Sources */,
				CEAD707E2B187E3E007843B4 /* Frameworks */,
				CEAD707F2B187E3E007843B4 /* Resources */,
			);
			buildRules = (
			);
			dependencies = (
				CEAD70832B187E3E007843B4 /* PBXTargetDependency */,
			);
			name = ApiDemoTests;
			productName = ApiDemoTests;
			productReference = CEAD70812B187E3E007843B4 /* ApiDemoTests.xctest */;
			productType = "com.apple.product-type.bundle.unit-test";
		};
		CEAD708A2B187E3E007843B4 /* ApiDemoUITests */ = {
			isa = PBXNativeTarget;
			buildConfigurationList = CEAD709B2B187E3E007843B4 /* Build configuration list for PBXNativeTarget "ApiDemoUITests" */;
			buildPhases = (
				CEAD70872B187E3E007843B4 /* Sources */,
				CEAD70882B187E3E007843B4 /* Frameworks */,
				CEAD70892B187E3E007843B4 /* Resources */,
			);
			buildRules = (
			);
			dependencies = (
				CEAD708D2B187E3E007843B4 /* PBXTargetDependency */,
			);
			name = ApiDemoUITests;
			productName = ApiDemoUITests;
			productReference = CEAD708B2B187E3E007843B4 /* ApiDemoUITests.xctest */;
			productType = "com.apple.product-type.bundle.ui-testing";
		};
/* End PBXNativeTarget section */

/* Begin PBXProject section */
		CEAD70632B187E3D007843B4 /* Project object */ = {
			isa = PBXProject;
			attributes = {
				BuildIndependentTargetsInParallel = 1;
				LastSwiftUpdateCheck = 1500;
				LastUpgradeCheck = 1500;
				TargetAttributes = {
					CEAD706A2B187E3D007843B4 = {
						CreatedOnToolsVersion = 15.0;
					};
					CEAD70802B187E3E007843B4 = {
						CreatedOnToolsVersion = 15.0;
						TestTargetID = CEAD706A2B187E3D007843B4;
					};
					CEAD708A2B187E3E007843B4 = {
						CreatedOnToolsVersion = 15.0;
						TestTargetID = CEAD706A2B187E3D007843B4;
					};
				};
			};
			buildConfigurationList = CEAD70662B187E3D007843B4 /* Build configuration list for PBXProject "ApiDemo" */;
			compatibilityVersion = "Xcode 14.0";
			developmentRegion = en;
			hasScannedForEncodings = 0;
			knownRegions = (
				en,
				Base,
			);
			mainGroup = CEAD70622B187E3D007843B4;
			productRefGroup = CEAD706C2B187E3D007843B4 /* Products */;
			projectDirPath = "";
			projectRoot = "";
			targets = (
				CEAD706A2B187E3D007843B4 /* ApiDemo */,
				CEAD70802B187E3E007843B4 /* ApiDemoTests */,
				CEAD708A2B187E3E007843B4 /* ApiDemoUITests */,
			);
		};
/* End PBXProject section */

/* Begin PBXResourcesBuildPhase section */
		CEAD70692B187E3D007843B4 /* Resources */ = {
			isa = PBXResourcesBuildPhase;
			buildActionMask = 2147483647;
			files = (
				CEAD707B2B187E3E007843B4 /* LaunchScreen.storyboard in Resources */,
				CEAD70782B187E3E007843B4 /* Assets.xcassets in Resources */,
				CEAD70762B187E3D007843B4 /* Main.storyboard in Resources */,
			);
			runOnlyForDeploymentPostprocessing = 0;
		};
		CEAD707F2B187E3E007843B4 /* Resources */ = {
			isa = PBXResourcesBuildPhase;
			buildActionMask = 2147483647;
			files = (
			);
			runOnlyForDeploymentPostprocessing = 0;
		};
		CEAD70892B187E3E007843B4 /* Resources */ = {
			isa = PBXResourcesBuildPhase;
			buildActionMask = 2147483647;
			files = (
			);
			runOnlyForDeploymentPostprocessing = 0;
		};
/* End PBXResourcesBuildPhase section */

/* Begin PBXSourcesBuildPhase section */
		CEAD70672B187E3D007843B4 /* Sources */ = {
			isa = PBXSourcesBuildPhase;
			buildActionMask = 2147483647;
			files = (
				CEAD70732B187E3D007843B4 /* ViewController.swift in Sources */,
				CEAD706F2B187E3D007843B4 /* AppDelegate.swift in Sources */,
				CEAD70712B187E3D007843B4 /* SceneDelegate.swift in Sources */,
			);
			runOnlyForDeploymentPostprocessing = 0;
		};
		CEAD707D2B187E3E007843B4 /* Sources */ = {
			isa = PBXSourcesBuildPhase;
			buildActionMask = 2147483647;
			files = (
				CEAD70862B187E3E007843B4 /* ApiDemoTests.swift in Sources */,
			);
			runOnlyForDeploymentPostprocessing = 0;
		};
		CEAD70872B187E3E007843B4 /* Sources */ = {
			isa = PBXSourcesBuildPhase;
			buildActionMask = 2147483647;
			files = (
				CEAD70922B187E3E007843B4 /* ApiDemoUITestsLaunchTests.swift in Sources */,
				CEAD70902B187E3E007843B4 /* ApiDemoUITests.swift in Sources */,
			);
			runOnlyForDeploymentPostprocessing = 0;
		};
/* End PBXSourcesBuildPhase section */

/* Begin PBXTargetDependency section */
		CEAD70832B187E3E007843B4 /* PBXTargetDependency */ = {
			isa = PBXTargetDependency;
			target = CEAD706A2B187E3D007843B4 /* ApiDemo */;
			targetProxy = CEAD70822B187E3E007843B4 /* PBXContainerItemProxy */;
		};
		CEAD708D2B187E3E007843B4 /* PBXTargetDependency */ = {
			isa = PBXTargetDependency;
			target = CEAD706A2B187E3D007843B4 /* ApiDemo */;
			targetProxy = CEAD708C2B187E3E007843B4 /* PBXContainerItemProxy */;
		};
/* End PBXTargetDependency section */

/* Begin PBXVariantGroup section */
		CEAD70742B187E3D007843B4 /* Main.storyboard */ = {
			isa = PBXVariantGroup;
			children = (
				CEAD70752B187E3D007843B4 /* Base */,
			);
			name = Main.storyboard;
			sourceTree = "<group>";
		};
		CEAD70792B187E3E007843B4 /* LaunchScreen.storyboard */ = {
			isa = PBXVariantGroup;
			children = (
				CEAD707A2B187E3E007843B4 /* Base */,
			);
			name = LaunchScreen.storyboard;
			sourceTree = "<group>";
		};
/* End PBXVariantGroup section */

/* Begin XCBuildConfiguration section */
		CEAD70932B187E3E007843B4 /* Debug */ = {
			isa = XCBuildConfiguration;
			buildSettings = {
				ALWAYS_SEARCH_USER_PATHS = NO;
				ASSETCATALOG_COMPILER_GENERATE_SWIFT_ASSET_SYMBOL_EXTENSIONS = YES;
				CLANG_ANALYZER_NONNULL = YES;
				CLANG_ANALYZER_NUMBER_OBJECT_CONVERSION = YES_AGGRESSIVE;
				CLANG_CXX_LANGUAGE_STANDARD = "gnu++20";
				CLANG_ENABLE_MODULES = YES;
				CLANG_ENABLE_OBJC_ARC = YES;
				CLANG_ENABLE_OBJC_WEAK = YES;
				CLANG_WARN_BLOCK_CAPTURE_AUTORELEASING = YES;
				CLANG_WARN_BOOL_CONVERSION = YES;
				CLANG_WARN_COMMA = YES;
				CLANG_WARN_CONSTANT_CONVERSION = YES;
				CLANG_WARN_DEPRECATED_OBJC_IMPLEMENTATIONS = YES;
				CLANG_WARN_DIRECT_OBJC_ISA_USAGE = YES_ERROR;
				CLANG_WARN_DOCUMENTATION_COMMENTS = YES;
				CLANG_WARN_EMPTY_BODY = YES;
				CLANG_WARN_ENUM_CONVERSION = YES;
				CLANG_WARN_INFINITE_RECURSION = YES;
				CLANG_WARN_INT_CONVERSION = YES;
				CLANG_WARN_NON_LITERAL_NULL_CONVERSION = YES;
				CLANG_WARN_OBJC_IMPLICIT_RETAIN_SELF = YES;
				CLANG_WARN_OBJC_LITERAL_CONVERSION = YES;
				CLANG_WARN_OBJC_ROOT_CLASS = YES_ERROR;
				CLANG_WARN_QUOTED_INCLUDE_IN_FRAMEWORK_HEADER = YES;
				CLANG_WARN_RANGE_LOOP_ANALYSIS = YES;
				CLANG_WARN_STRICT_PROTOTYPES = YES;
				CLANG_WARN_SUSPICIOUS_MOVE = YES;
				CLANG_WARN_UNGUARDED_AVAILABILITY = YES_AGGRESSIVE;
				CLANG_WARN_UNREACHABLE_CODE = YES;
				CLANG_WARN__DUPLICATE_METHOD_MATCH = YES;
				COPY_PHASE_STRIP = NO;
				DEBUG_INFORMATION_FORMAT = dwarf;
				ENABLE_STRICT_OBJC_MSGSEND = YES;
				ENABLE_TESTABILITY = YES;
				ENABLE_USER_SCRIPT_SANDBOXING = YES;
				GCC_C_LANGUAGE_STANDARD = gnu17;
				GCC_DYNAMIC_NO_PIC = NO;
				GCC_NO_COMMON_BLOCKS = YES;
				GCC_OPTIMIZATION_LEVEL = 0;
				GCC_PREPROCESSOR_DEFINITIONS = (
					"DEBUG=1",
					"$(inherited)",
				);
				GCC_WARN_64_TO_32_BIT_CONVERSION = YES;
				GCC_WARN_ABOUT_RETURN_TYPE = YES_ERROR;
				GCC_WARN_UNDECLARED_SELECTOR = YES;
				GCC_WARN_UNINITIALIZED_AUTOS = YES_AGGRESSIVE;
				GCC_WARN_UNUSED_FUNCTION = YES;
				GCC_WARN_UNUSED_VARIABLE = YES;
				IPHONEOS_DEPLOYMENT_TARGET = 17.0;
				LOCALIZATION_PREFERS_STRING_CATALOGS = YES;
				MTL_ENABLE_DEBUG_INFO = INCLUDE_SOURCE;
				MTL_FAST_MATH = YES;
				ONLY_ACTIVE_ARCH = YES;
				SDKROOT = iphoneos;
				SWIFT_ACTIVE_COMPILATION_CONDITIONS = "DEBUG $(inherited)";
				SWIFT_OPTIMIZATION_LEVEL = "-Onone";
			};
			name = Debug;
		};
		CEAD70942B187E3E007843B4 /* Release */ = {
			isa = XCBuildConfiguration;
			buildSettings = {
				ALWAYS_SEARCH_USER_PATHS = NO;
				ASSETCATALOG_COMPILER_GENERATE_SWIFT_ASSET_SYMBOL_EXTENSIONS = YES;
				CLANG_ANALYZER_NONNULL = YES;
				CLANG_ANALYZER_NUMBER_OBJECT_CONVERSION = YES_AGGRESSIVE;
				CLANG_CXX_LANGUAGE_STANDARD = "gnu++20";
				CLANG_ENABLE_MODULES = YES;
				CLANG_ENABLE_OBJC_ARC = YES;
				CLANG_ENABLE_OBJC_WEAK = YES;
				CLANG_WARN_BLOCK_CAPTURE_AUTORELEASING = YES;
				CLANG_WARN_BOOL_CONVERSION = YES;
				CLANG_WARN_COMMA = YES;
				CLANG_WARN_CONSTANT_CONVERSION = YES;
				CLANG_WARN_DEPRECATED_OBJC_IMPLEMENTATIONS = YES;
				CLANG_WARN_DIRECT_OBJC_ISA_USAGE = YES_ERROR;
				CLANG_WARN_DOCUMENTATION_COMMENTS = YES;
				CLANG_WARN_EMPTY_BODY = YES;
				CLANG_WARN_ENUM_CONVERSION = YES;
				CLANG_WARN_INFINITE_RECURSION = YES;
				CLANG_WARN_INT_CONVERSION = YES;
				CLANG_WARN_NON_LITERAL_NULL_CONVERSION = YES;
				CLANG_WARN_OBJC_IMPLICIT_RETAIN_SELF = YES;
				CLANG_WARN_OBJC_LITERAL_CONVERSION = YES;
				CLANG_WARN_OBJC_ROOT_CLASS = YES_ERROR;
				CLANG_WARN_QUOTED_INCLUDE_IN_FRAMEWORK_HEADER = YES;
				CLANG_WARN_RANGE_LOOP_ANALYSIS = YES;
				CLANG_WARN_STRICT_PROTOTYPES = YES;
				CLANG_WARN_SUSPICIOUS_MOVE = YES;
				CLANG_WARN_UNGUARDED_AVAILABILITY = YES_AGGRESSIVE;
				CLANG_WARN_UNREACHABLE_CODE = YES;
				CLANG_WARN__DUPLICATE_METHOD_MATCH = YES;
				COPY_PHASE_STRIP = NO;
				DEBUG_INFORMATION_FORMAT = "dwarf-with-dsym";
				ENABLE_NS_ASSERTIONS = NO;
				ENABLE_STRICT_OBJC_MSGSEND = YES;
				ENABLE_USER_SCRIPT_SANDBOXING = YES;
				GCC_C_LANGUAGE_STANDARD = gnu17;
				GCC_NO_COMMON_BLOCKS = YES;
				GCC_WARN_64_TO_32_BIT_CONVERSION = YES;
				GCC_WARN_ABOUT_RETURN_TYPE = YES_ERROR;
				GCC_WARN_UNDECLARED_SELECTOR = YES;
				GCC_WARN_UNINITIALIZED_AUTOS = YES_AGGRESSIVE;
				GCC_WARN_UNUSED_FUNCTION = YES;
				GCC_WARN_UNUSED_VARIABLE = YES;
				IPHONEOS_DEPLOYMENT_TARGET = 17.0;
				LOCALIZATION_PREFERS_STRING_CATALOGS = YES;
				MTL_ENABLE_DEBUG_INFO = NO;
				MTL_FAST_MATH = YES;
				SDKROOT = iphoneos;
				SWIFT_COMPILATION_MODE = wholemodule;
				VALIDATE_PRODUCT = YES;
			};
			name = Release;
		};
		CEAD70962B187E3E007843B4 /* Debug */ = {
			isa = XCBuildConfiguration;
			buildSettings = {
				ASSETCATALOG_COMPILER_APPICON_NAME = AppIcon;
				ASSETCATALOG_COMPILER_GLOBAL_ACCENT_COLOR_NAME = AccentColor;
				CODE_SIGN_STYLE = Automatic;
				CURRENT_PROJECT_VERSION = 1;
				DEVELOPMENT_TEAM = 4D42KYYWJW;
				GENERATE_INFOPLIST_FILE = YES;
				INFOPLIST_FILE = ApiDemo/Info.plist;
				INFOPLIST_KEY_UIApplicationSupportsIndirectInputEvents = YES;
				INFOPLIST_KEY_UILaunchStoryboardName = LaunchScreen;
				INFOPLIST_KEY_UIMainStoryboardFile = Main;
				INFOPLIST_KEY_UISupportedInterfaceOrientations_iPad = "UIInterfaceOrientationPortrait UIInterfaceOrientationPortraitUpsideDown UIInterfaceOrientationLandscapeLeft UIInterfaceOrientationLandscapeRight";
				INFOPLIST_KEY_UISupportedInterfaceOrientations_iPhone = "UIInterfaceOrientationPortrait UIInterfaceOrientationLandscapeLeft UIInterfaceOrientationLandscapeRight";
				LD_RUNPATH_SEARCH_PATHS = (
					"$(inherited)",
					"@executable_path/Frameworks",
				);
				MARKETING_VERSION = 1.0;
				PRODUCT_BUNDLE_IDENTIFIER = aswin.ApiDemo;
				PRODUCT_NAME = "$(TARGET_NAME)";
				SWIFT_EMIT_LOC_STRINGS = YES;
				SWIFT_VERSION = 5.0;
				TARGETED_DEVICE_FAMILY = "1,2";
			};
			name = Debug;
		};
		CEAD70972B187E3E007843B4 /* Release */ = {
			isa = XCBuildConfiguration;
			buildSettings = {
				ASSETCATALOG_COMPILER_APPICON_NAME = AppIcon;
				ASSETCATALOG_COMPILER_GLOBAL_ACCENT_COLOR_NAME = AccentColor;
				CODE_SIGN_STYLE = Automatic;
				CURRENT_PROJECT_VERSION = 1;
				DEVELOPMENT_TEAM = 4D42KYYWJW;
				GENERATE_INFOPLIST_FILE = YES;
				INFOPLIST_FILE = ApiDemo/Info.plist;
				INFOPLIST_KEY_UIApplicationSupportsIndirectInputEvents = YES;
				INFOPLIST_KEY_UILaunchStoryboardName = LaunchScreen;
				INFOPLIST_KEY_UIMainStoryboardFile = Main;
				INFOPLIST_KEY_UISupportedInterfaceOrientations_iPad = "UIInterfaceOrientationPortrait UIInterfaceOrientationPortraitUpsideDown UIInterfaceOrientationLandscapeLeft UIInterfaceOrientationLandscapeRight";
				INFOPLIST_KEY_UISupportedInterfaceOrientations_iPhone = "UIInterfaceOrientationPortrait UIInterfaceOrientationLandscapeLeft UIInterfaceOrientationLandscapeRight";
				LD_RUNPATH_SEARCH_PATHS = (
					"$(inherited)",
					"@executable_path/Frameworks",
				);
				MARKETING_VERSION = 1.0;
				PRODUCT_BUNDLE_IDENTIFIER = aswin.ApiDemo;
				PRODUCT_NAME = "$(TARGET_NAME)";
				SWIFT_EMIT_LOC_STRINGS = YES;
				SWIFT_VERSION = 5.0;
				TARGETED_DEVICE_FAMILY = "1,2";
			};
			name = Release;
		};
		CEAD70992B187E3E007843B4 /* Debug */ = {
			isa = XCBuildConfiguration;
			buildSettings = {
				ALWAYS_EMBED_SWIFT_STANDARD_LIBRARIES = YES;
				BUNDLE_LOADER = "$(TEST_HOST)";
				CODE_SIGN_STYLE = Automatic;
				CURRENT_PROJECT_VERSION = 1;
				DEVELOPMENT_TEAM = 4D42KYYWJW;
				GENERATE_INFOPLIST_FILE = YES;
				IPHONEOS_DEPLOYMENT_TARGET = 17.0;
				MARKETING_VERSION = 1.0;
				PRODUCT_BUNDLE_IDENTIFIER = aswin.ApiDemoTests;
				PRODUCT_NAME = "$(TARGET_NAME)";
				SWIFT_EMIT_LOC_STRINGS = NO;
				SWIFT_VERSION = 5.0;
				TARGETED_DEVICE_FAMILY = "1,2";
				TEST_HOST = "$(BUILT_PRODUCTS_DIR)/ApiDemo.app/$(BUNDLE_EXECUTABLE_FOLDER_PATH)/ApiDemo";
			};
			name = Debug;
		};
		CEAD709A2B187E3E007843B4 /* Release */ = {
			isa = XCBuildConfiguration;
			buildSettings = {
				ALWAYS_EMBED_SWIFT_STANDARD_LIBRARIES = YES;
				BUNDLE_LOADER = "$(TEST_HOST)";
				CODE_SIGN_STYLE = Automatic;
				CURRENT_PROJECT_VERSION = 1;
				DEVELOPMENT_TEAM = 4D42KYYWJW;
				GENERATE_INFOPLIST_FILE = YES;
				IPHONEOS_DEPLOYMENT_TARGET = 17.0;
				MARKETING_VERSION = 1.0;
				PRODUCT_BUNDLE_IDENTIFIER = aswin.ApiDemoTests;
				PRODUCT_NAME = "$(TARGET_NAME)";
				SWIFT_EMIT_LOC_STRINGS = NO;
				SWIFT_VERSION = 5.0;
				TARGETED_DEVICE_FAMILY = "1,2";
				TEST_HOST = "$(BUILT_PRODUCTS_DIR)/ApiDemo.app/$(BUNDLE_EXECUTABLE_FOLDER_PATH)/ApiDemo";
			};
			name = Release;
		};
		CEAD709C2B187E3E007843B4 /* Debug */ = {
			isa = XCBuildConfiguration;
			buildSettings = {
				ALWAYS_EMBED_SWIFT_STANDARD_LIBRARIES = YES;
				CODE_SIGN_STYLE = Automatic;
				CURRENT_PROJECT_VERSION = 1;
				DEVELOPMENT_TEAM = 4D42KYYWJW;
				GENERATE_INFOPLIST_FILE = YES;
				MARKETING_VERSION = 1.0;
				PRODUCT_BUNDLE_IDENTIFIER = aswin.ApiDemoUITests;
				PRODUCT_NAME = "$(TARGET_NAME)";
				SWIFT_EMIT_LOC_STRINGS = NO;
				SWIFT_VERSION = 5.0;
				TARGETED_DEVICE_FAMILY = "1,2";
				TEST_TARGET_NAME = ApiDemo;
			};
			name = Debug;
		};
		CEAD709D2B187E3E007843B4 /* Release */ = {
			isa = XCBuildConfiguration;
			buildSettings = {
				ALWAYS_EMBED_SWIFT_STANDARD_LIBRARIES = YES;
				CODE_SIGN_STYLE = Automatic;
				CURRENT_PROJECT_VERSION = 1;
				DEVELOPMENT_TEAM = 4D42KYYWJW;
				GENERATE_INFOPLIST_FILE = YES;
				MARKETING_VERSION = 1.0;
				PRODUCT_BUNDLE_IDENTIFIER = aswin.ApiDemoUITests;
				PRODUCT_NAME = "$(TARGET_NAME)";
				SWIFT_EMIT_LOC_STRINGS = NO;
				SWIFT_VERSION = 5.0;
				TARGETED_DEVICE_FAMILY = "1,2";
				TEST_TARGET_NAME = ApiDemo;
			};
			name = Release;
		};
/* End XCBuildConfiguration section */

/* Begin XCConfigurationList section */
		CEAD70662B187E3D007843B4 /* Build configuration list for PBXProject "ApiDemo" */ = {
			isa = XCConfigurationList;
			buildConfigurations = (
				CEAD70932B187E3E007843B4 /* Debug */,
				CEAD70942B187E3E007843B4 /* Release */,
			);
			defaultConfigurationIsVisible = 0;
			defaultConfigurationName = Release;
		};
		CEAD70952B187E3E007843B4 /* Build configuration list for PBXNativeTarget "ApiDemo" */ = {
			isa = XCConfigurationList;
			buildConfigurations = (
				CEAD70962B187E3E007843B4 /* Debug */,
				CEAD70972B187E3E007843B4 /* Release */,
			);
			defaultConfigurationIsVisible = 0;
			defaultConfigurationName = Release;
		};
		CEAD70982B187E3E007843B4 /* Build configuration list for PBXNativeTarget "ApiDemoTests" */ = {
			isa = XCConfigurationList;
			buildConfigurations = (
				CEAD70992B187E3E007843B4 /* Debug */,
				CEAD709A2B187E3E007843B4 /* Release */,
			);
			defaultConfigurationIsVisible = 0;
			defaultConfigurationName = Release;
		};
		CEAD709B2B187E3E007843B4 /* Build configuration list for PBXNativeTarget "ApiDemoUITests" */ = {
			isa = XCConfigurationList;
			buildConfigurations = (
				CEAD709C2B187E3E007843B4 /* Debug */,
				CEAD709D2B187E3E007843B4 /* Release */,
			);
			defaultConfigurationIsVisible = 0;
			defaultConfigurationName = Release;
		};
/* End XCConfigurationList section */
	};
	rootObject = CEAD70632B187E3D007843B4 /* Project object */;
}
